
Microsoft Visual Studio Solution File, Format Version 12.00
# Visual Studio Version 16
VisualStudioVersion = 16.0.31424.327
MinimumVisualStudioVersion = 10.0.40219.1
Project("{FAE04EC0-301F-11D3-BF4B-00C04F79EFBC}") = "WindowsHelloForms", "WindowsHelloForms\WindowsHelloForms.csproj", "{3B01DA2C-EBAA-4E60-9945-EBF7F860C977}"
EndProject
Project("{FAE04EC0-301F-11D3-BF4B-00C04F79EFBC}") = "MyLibrary", "MyLibrary\MyLibrary.csproj", "{B6E0701F-CFCA-40BD-9830-8E13B928DC62}"
EndProject
Global
	GlobalSection(SolutionConfigurationPlatforms) = preSolution
		Debug|Any CPU = Debug|Any CPU
		Release|Any CPU = Release|Any CPU
	EndGlobalSection
	GlobalSection(ProjectConfigurationPlatforms) = postSolution
		{3B01DA2C-EBAA-4E60-9945-EBF7F860C977}.Debug|Any CPU.ActiveCfg = Debug|Any CPU
		{3B01DA2C-EBAA-4E60-9945-EBF7F860C977}.Debug|Any CPU.Build.0 = Debug|Any CPU
		{3B01DA2C-EBAA-4E60-9945-EBF7F860C977}.Release|Any CPU.ActiveCfg = Release|Any CPU
		{3B01DA2C-EBAA-4E60-9945-EBF7F860C977}.Release|Any CPU.Build.0 = Release|Any CPU
		{B6E0701F-CFCA-40BD-9830-8E13B928DC62}.Debug|Any CPU.ActiveCfg = Debug|Any CPU
		{B6E0701F-CFCA-40BD-9830-8E13B928DC62}.Debug|Any CPU.Build.0 = Debug|Any CPU
		{B6E0701F-CFCA-40BD-9830-8E13B928DC62}.Release|Any CPU.ActiveCfg = Release|Any CPU
		{B6E0701F-CFCA-40BD-9830-8E13B928DC62}.Release|Any CPU.Build.0 = Release|Any CPU
	EndGlobalSection
	GlobalSection(SolutionProperties) = preSolution
		HideSolutionNode = FALSE
	EndGlobalSection
	GlobalSection(ExtensibilityGlobals) = postSolution
		SolutionGuid = {2FA2ED5F-1C52-4865-89EC-9BBDAA93C64F}
	EndGlobalSection
EndGlobal
